
Microsoft Visual Studio Solution File, Format Version 12.00
# Visual Studio Version 16
VisualStudioVersion = 16.0.29519.181
MinimumVisualStudioVersion = 10.0.40219.1
Project("{888888A0-9F3D-457C-B088-3A5042F75D52}") = "Task 1", "Task 1\Task 1.pyproj", "{D44CB669-05FB-4D76-A291-233E68C97E09}"
EndProject
Project("{888888A0-9F3D-457C-B088-3A5042F75D52}") = "Task 2", "Task 2\Task 2.pyproj", "{969EA967-7AB3-45C0-AB2C-CAC43AFE0865}"
EndProject
Project("{888888A0-9F3D-457C-B088-3A5042F75D52}") = "Task 3", "Task 3\Task 3.pyproj", "{7E66E4A6-1A06-470F-9345-E507F69A7B91}"
EndProject
Global
	GlobalSection(SolutionConfigurationPlatforms) = preSolution
		Debug|Any CPU = Debug|Any CPU
		Release|Any CPU = Release|Any CPU
	EndGlobalSection
	GlobalSection(ProjectConfigurationPlatforms) = postSolution
		{D44CB669-05FB-4D76-A291-233E68C97E09}.Debug|Any CPU.ActiveCfg = Debug|Any CPU
		{D44CB669-05FB-4D76-A291-233E68C97E09}.Release|Any CPU.ActiveCfg = Release|Any CPU
		{969EA967-7AB3-45C0-AB2C-CAC43AFE0865}.Debug|Any CPU.ActiveCfg = Debug|Any CPU
		{969EA967-7AB3-45C0-AB2C-CAC43AFE0865}.Release|Any CPU.ActiveCfg = Release|Any CPU
		{7E66E4A6-1A06-470F-9345-E507F69A7B91}.Debug|Any CPU.ActiveCfg = Debug|Any CPU
		{7E66E4A6-1A06-470F-9345-E507F69A7B91}.Release|Any CPU.ActiveCfg = Release|Any CPU
	EndGlobalSection
	GlobalSection(SolutionProperties) = preSolution
		HideSolutionNode = FALSE
	EndGlobalSection
	GlobalSection(ExtensibilityGlobals) = postSolution
		SolutionGuid = {6DBA7062-2433-42FE-A4F1-20A940BF7481}
	EndGlobalSection
EndGlobal
